// !$*UTF8*$!
{
	archiveVersion = 1;
	classes = {
	};
	objectVersion = 77;
	objects = {

/* Begin PBXBuildFile section */
		AF8F403E2E1818AA00337A52 /* RxCocoa in Frameworks */ = {isa = PBXBuildFile; productRef = AF8F403D2E1818AA00337A52 /* RxCocoa */; };
		AF8F40412E1818BA00337A52 /* FlowKit in Frameworks */ = {isa = PBXBuildFile; productRef = AF8F40402E1818BA00337A52 /* FlowKit */; };
		AF8F491D2E193C4900337A52 /* Alamofire in Frameworks */ = {isa = PBXBuildFile; productRef = AF8F491C2E193C4900337A52 /* Alamofire */; };
		AFCE924F2E36023E000F6F8A /* KakaoSDKCommon in Frameworks */ = {isa = PBXBuildFile; productRef = AFCE924E2E36023E000F6F8A /* KakaoSDKCommon */; };
		AFCE940A2E3759FE000F6F8A /* KakaoMapsSDK-SPM in Frameworks */ = {isa = PBXBuildFile; productRef = AFCE94092E3759FE000F6F8A /* KakaoMapsSDK-SPM */; };
/* End PBXBuildFile section */

/* Begin PBXFileReference section */
		AFBD1E122D9E4AE8008E7ABB /* PLEP.app */ = {isa = PBXFileReference; explicitFileType = wrapper.application; includeInIndex = 0; path = PLEP.app; sourceTree = BUILT_PRODUCTS_DIR; };
/* End PBXFileReference section */

/* Begin PBXFileSystemSynchronizedBuildFileExceptionSet section */
		AF0646CE2DA4A6EC00D65F2B /* Exceptions for "PLEP" folder in "PLEP" target */ = {
			isa = PBXFileSystemSynchronizedBuildFileExceptionSet;
			membershipExceptions = (
				Info.plist,
			);
			target = AFBD1E112D9E4AE8008E7ABB /* PLEP */;
		};
/* End PBXFileSystemSynchronizedBuildFileExceptionSet section */

/* Begin PBXFileSystemSynchronizedRootGroup section */
		AFBD1E142D9E4AE8008E7ABB /* PLEP */ = {
			isa = PBXFileSystemSynchronizedRootGroup;
			exceptions = (
				AF0646CE2DA4A6EC00D65F2B /* Exceptions for "PLEP" folder in "PLEP" target */,
			);
			path = PLEP;
			sourceTree = "<group>";
		};
/* End PBXFileSystemSynchronizedRootGroup section */

/* Begin PBXFrameworksBuildPhase section */
		AFBD1E0F2D9E4AE8008E7ABB /* Frameworks */ = {
			isa = PBXFrameworksBuildPhase;
			buildActionMask = 2147483647;
			files = (
				AF8F491D2E193C4900337A52 /* Alamofire in Frameworks */,
				AF8F403E2E1818AA00337A52 /* RxCocoa in Frameworks */,
				AFCE940A2E3759FE000F6F8A /* KakaoMapsSDK-SPM in Frameworks */,
				AF8F40412E1818BA00337A52 /* FlowKit in Frameworks */,
				AFCE924F2E36023E000F6F8A /* KakaoSDKCommon in Frameworks */,
			);
			runOnlyForDeploymentPostprocessing = 0;
		};
/* End PBXFrameworksBuildPhase section */

/* Begin PBXGroup section */
		AFBD1E092D9E4AE8008E7ABB = {
			isa = PBXGroup;
			children = (
				AFBD1E142D9E4AE8008E7ABB /* PLEP */,
				AFBD1E132D9E4AE8008E7ABB /* Products */,
			);
			sourceTree = "<group>";
		};
		AFBD1E132D9E4AE8008E7ABB /* Products */ = {
			isa = PBXGroup;
			children = (
				AFBD1E122D9E4AE8008E7ABB /* PLEP.app */,
			);
			name = Products;
			sourceTree = "<group>";
		};
/* End PBXGroup section */

/* Begin PBXNativeTarget section */
		AFBD1E112D9E4AE8008E7ABB /* PLEP */ = {
			isa = PBXNativeTarget;
			buildConfigurationList = AFBD1E202D9E4AEB008E7ABB /* Build configuration list for PBXNativeTarget "PLEP" */;
			buildPhases = (
				AFBD1E0E2D9E4AE8008E7ABB /* Sources */,
				AFBD1E0F2D9E4AE8008E7ABB /* Frameworks */,
				AFBD1E102D9E4AE8008E7ABB /* Resources */,
			);
			buildRules = (
			);
			dependencies = (
			);
			fileSystemSynchronizedGroups = (
				AFBD1E142D9E4AE8008E7ABB /* PLEP */,
			);
			name = PLEP;
			packageProductDependencies = (
				AF8F403D2E1818AA00337A52 /* RxCocoa */,
				AF8F40402E1818BA00337A52 /* FlowKit */,
				AF8F491C2E193C4900337A52 /* Alamofire */,
				AFCE924E2E36023E000F6F8A /* KakaoSDKCommon */,
				AFCE94092E3759FE000F6F8A /* KakaoMapsSDK-SPM */,
			);
			productName = PLEP;
			productReference = AFBD1E122D9E4AE8008E7ABB /* PLEP.app */;
			productType = "com.apple.product-type.application";
		};
/* End PBXNativeTarget section */

/* Begin PBXProject section */
		AFBD1E0A2D9E4AE8008E7ABB /* Project object */ = {
			isa = PBXProject;
			attributes = {
				BuildIndependentTargetsInParallel = 1;
				LastSwiftUpdateCheck = 1620;
				LastUpgradeCheck = 1620;
				TargetAttributes = {
					AFBD1E112D9E4AE8008E7ABB = {
						CreatedOnToolsVersion = 16.2;
					};
				};
			};
			buildConfigurationList = AFBD1E0D2D9E4AE8008E7ABB /* Build configuration list for PBXProject "PLEP" */;
			developmentRegion = en;
			hasScannedForEncodings = 0;
			knownRegions = (
				en,
				Base,
			);
			mainGroup = AFBD1E092D9E4AE8008E7ABB;
			minimizedProjectReferenceProxies = 1;
			packageReferences = (
				AF8F403C2E1818AA00337A52 /* XCRemoteSwiftPackageReference "RxSwift" */,
				AF8F403F2E1818BA00337A52 /* XCRemoteSwiftPackageReference "FlowKit" */,
				AF8F491B2E193C4900337A52 /* XCRemoteSwiftPackageReference "Alamofire" */,
				AFCE924B2E36023E000F6F8A /* XCRemoteSwiftPackageReference "kakao-ios-sdk" */,
				AFCE94082E3759FE000F6F8A /* XCRemoteSwiftPackageReference "KakaoMapsSDK-SPM" */,
			);
			preferredProjectObjectVersion = 77;
			productRefGroup = AFBD1E132D9E4AE8008E7ABB /* Products */;
			projectDirPath = "";
			projectRoot = "";
			targets = (
				AFBD1E112D9E4AE8008E7ABB /* PLEP */,
			);
		};
/* End PBXProject section */

/* Begin PBXResourcesBuildPhase section */
		AFBD1E102D9E4AE8008E7ABB /* Resources */ = {
			isa = PBXResourcesBuildPhase;
			buildActionMask = 2147483647;
			files = (
			);
			runOnlyForDeploymentPostprocessing = 0;
		};
/* End PBXResourcesBuildPhase section */

/* Begin PBXSourcesBuildPhase section */
		AFBD1E0E2D9E4AE8008E7ABB /* Sources */ = {
			isa = PBXSourcesBuildPhase;
			buildActionMask = 2147483647;
			files = (
			);
			runOnlyForDeploymentPostprocessing = 0;
		};
/* End PBXSourcesBuildPhase section */

/* Begin XCBuildConfiguration section */
		AFBD1E1E2D9E4AEB008E7ABB /* Debug */ = {
			isa = XCBuildConfiguration;
			buildSettings = {
				ALWAYS_SEARCH_USER_PATHS = NO;
				ASSETCATALOG_COMPILER_GENERATE_SWIFT_ASSET_SYMBOL_EXTENSIONS = YES;
				CLANG_ANALYZER_NONNULL = YES;
				CLANG_ANALYZER_NUMBER_OBJECT_CONVERSION = YES_AGGRESSIVE;
				CLANG_CXX_LANGUAGE_STANDARD = "gnu++20";
				CLANG_ENABLE_MODULES = YES;
				CLANG_ENABLE_OBJC_ARC = YES;
				CLANG_ENABLE_OBJC_WEAK = YES;
				CLANG_WARN_BLOCK_CAPTURE_AUTORELEASING = YES;
				CLANG_WARN_BOOL_CONVERSION = YES;
				CLANG_WARN_COMMA = YES;
				CLANG_WARN_CONSTANT_CONVERSION = YES;
				CLANG_WARN_DEPRECATED_OBJC_IMPLEMENTATIONS = YES;
				CLANG_WARN_DIRECT_OBJC_ISA_USAGE = YES_ERROR;
				CLANG_WARN_DOCUMENTATION_COMMENTS = YES;
				CLANG_WARN_EMPTY_BODY = YES;
				CLANG_WARN_ENUM_CONVERSION = YES;
				CLANG_WARN_INFINITE_RECURSION = YES;
				CLANG_WARN_INT_CONVERSION = YES;
				CLANG_WARN_NON_LITERAL_NULL_CONVERSION = YES;
				CLANG_WARN_OBJC_IMPLICIT_RETAIN_SELF = YES;
				CLANG_WARN_OBJC_LITERAL_CONVERSION = YES;
				CLANG_WARN_OBJC_ROOT_CLASS = YES_ERROR;
				CLANG_WARN_QUOTED_INCLUDE_IN_FRAMEWORK_HEADER = YES;
				CLANG_WARN_RANGE_LOOP_ANALYSIS = YES;
				CLANG_WARN_STRICT_PROTOTYPES = YES;
				CLANG_WARN_SUSPICIOUS_MOVE = YES;
				CLANG_WARN_UNGUARDED_AVAILABILITY = YES_AGGRESSIVE;
				CLANG_WARN_UNREACHABLE_CODE = YES;
				CLANG_WARN__DUPLICATE_METHOD_MATCH = YES;
				COPY_PHASE_STRIP = NO;
				DEBUG_INFORMATION_FORMAT = dwarf;
				ENABLE_STRICT_OBJC_MSGSEND = YES;
				ENABLE_TESTABILITY = YES;
				ENABLE_USER_SCRIPT_SANDBOXING = YES;
				GCC_C_LANGUAGE_STANDARD = gnu17;
				GCC_DYNAMIC_NO_PIC = NO;
				GCC_NO_COMMON_BLOCKS = YES;
				GCC_OPTIMIZATION_LEVEL = 0;
				GCC_PREPROCESSOR_DEFINITIONS = (
					"DEBUG=1",
					"$(inherited)",
				);
				GCC_WARN_64_TO_32_BIT_CONVERSION = YES;
				GCC_WARN_ABOUT_RETURN_TYPE = YES_ERROR;
				GCC_WARN_UNDECLARED_SELECTOR = YES;
				GCC_WARN_UNINITIALIZED_AUTOS = YES_AGGRESSIVE;
				GCC_WARN_UNUSED_FUNCTION = YES;
				GCC_WARN_UNUSED_VARIABLE = YES;
				IPHONEOS_DEPLOYMENT_TARGET = 18.2;
				LOCALIZATION_PREFERS_STRING_CATALOGS = YES;
				MTL_ENABLE_DEBUG_INFO = INCLUDE_SOURCE;
				MTL_FAST_MATH = YES;
				ONLY_ACTIVE_ARCH = YES;
				SDKROOT = iphoneos;
				SWIFT_ACTIVE_COMPILATION_CONDITIONS = "DEBUG $(inherited)";
				SWIFT_OPTIMIZATION_LEVEL = "-Onone";
			};
			name = Debug;
		};
		AFBD1E1F2D9E4AEB008E7ABB /* Release */ = {
			isa = XCBuildConfiguration;
			buildSettings = {
				ALWAYS_SEARCH_USER_PATHS = NO;
				ASSETCATALOG_COMPILER_GENERATE_SWIFT_ASSET_SYMBOL_EXTENSIONS = YES;
				CLANG_ANALYZER_NONNULL = YES;
				CLANG_ANALYZER_NUMBER_OBJECT_CONVERSION = YES_AGGRESSIVE;
				CLANG_CXX_LANGUAGE_STANDARD = "gnu++20";
				CLANG_ENABLE_MODULES = YES;
				CLANG_ENABLE_OBJC_ARC = YES;
				CLANG_ENABLE_OBJC_WEAK = YES;
				CLANG_WARN_BLOCK_CAPTURE_AUTORELEASING = YES;
				CLANG_WARN_BOOL_CONVERSION = YES;
				CLANG_WARN_COMMA = YES;
				CLANG_WARN_CONSTANT_CONVERSION = YES;
				CLANG_WARN_DEPRECATED_OBJC_IMPLEMENTATIONS = YES;
				CLANG_WARN_DIRECT_OBJC_ISA_USAGE = YES_ERROR;
				CLANG_WARN_DOCUMENTATION_COMMENTS = YES;
				CLANG_WARN_EMPTY_BODY = YES;
				CLANG_WARN_ENUM_CONVERSION = YES;
				CLANG_WARN_INFINITE_RECURSION = YES;
				CLANG_WARN_INT_CONVERSION = YES;
				CLANG_WARN_NON_LITERAL_NULL_CONVERSION = YES;
				CLANG_WARN_OBJC_IMPLICIT_RETAIN_SELF = YES;
				CLANG_WARN_OBJC_LITERAL_CONVERSION = YES;
				CLANG_WARN_OBJC_ROOT_CLASS = YES_ERROR;
				CLANG_WARN_QUOTED_INCLUDE_IN_FRAMEWORK_HEADER = YES;
				CLANG_WARN_RANGE_LOOP_ANALYSIS = YES;
				CLANG_WARN_STRICT_PROTOTYPES = YES;
				CLANG_WARN_SUSPICIOUS_MOVE = YES;
				CLANG_WARN_UNGUARDED_AVAILABILITY = YES_AGGRESSIVE;
				CLANG_WARN_UNREACHABLE_CODE = YES;
				CLANG_WARN__DUPLICATE_METHOD_MATCH = YES;
				COPY_PHASE_STRIP = NO;
				DEBUG_INFORMATION_FORMAT = "dwarf-with-dsym";
				ENABLE_NS_ASSERTIONS = NO;
				ENABLE_STRICT_OBJC_MSGSEND = YES;
				ENABLE_USER_SCRIPT_SANDBOXING = YES;
				GCC_C_LANGUAGE_STANDARD = gnu17;
				GCC_NO_COMMON_BLOCKS = YES;
				GCC_WARN_64_TO_32_BIT_CONVERSION = YES;
				GCC_WARN_ABOUT_RETURN_TYPE = YES_ERROR;
				GCC_WARN_UNDECLARED_SELECTOR = YES;
				GCC_WARN_UNINITIALIZED_AUTOS = YES_AGGRESSIVE;
				GCC_WARN_UNUSED_FUNCTION = YES;
				GCC_WARN_UNUSED_VARIABLE = YES;
				IPHONEOS_DEPLOYMENT_TARGET = 18.2;
				LOCALIZATION_PREFERS_STRING_CATALOGS = YES;
				MTL_ENABLE_DEBUG_INFO = NO;
				MTL_FAST_MATH = YES;
				SDKROOT = iphoneos;
				SWIFT_COMPILATION_MODE = wholemodule;
				VALIDATE_PRODUCT = YES;
			};
			name = Release;
		};
		AFBD1E212D9E4AEB008E7ABB /* Debug */ = {
			isa = XCBuildConfiguration;
			buildSettings = {
				ASSETCATALOG_COMPILER_APPICON_NAME = AppIcon;
				ASSETCATALOG_COMPILER_GLOBAL_ACCENT_COLOR_NAME = AccentColor;
				CODE_SIGN_STYLE = Automatic;
				CURRENT_PROJECT_VERSION = 1;
				DEVELOPMENT_ASSET_PATHS = "";
				DEVELOPMENT_TEAM = F88U3ZA2J6;
				ENABLE_PREVIEWS = YES;
				GENERATE_INFOPLIST_FILE = YES;
				INFOPLIST_FILE = PLEP/Info.plist;
				INFOPLIST_KEY_UIApplicationSceneManifest_Generation = YES;
				INFOPLIST_KEY_UIApplicationSupportsIndirectInputEvents = YES;
				INFOPLIST_KEY_UILaunchStoryboardName = "Launch Screen";
				INFOPLIST_KEY_UISupportedInterfaceOrientations_iPad = "UIInterfaceOrientationPortrait UIInterfaceOrientationPortraitUpsideDown UIInterfaceOrientationLandscapeLeft UIInterfaceOrientationLandscapeRight";
				INFOPLIST_KEY_UISupportedInterfaceOrientations_iPhone = "UIInterfaceOrientationPortrait UIInterfaceOrientationLandscapeLeft UIInterfaceOrientationLandscapeRight";
				LD_RUNPATH_SEARCH_PATHS = (
					"$(inherited)",
					"@executable_path/Frameworks",
				);
				MARKETING_VERSION = 1.0;
				PRODUCT_BUNDLE_IDENTIFIER = "com.yo-eotteonno.PLEP";
				PRODUCT_NAME = "$(TARGET_NAME)";
				SWIFT_EMIT_LOC_STRINGS = YES;
				SWIFT_VERSION = 5.0;
				TARGETED_DEVICE_FAMILY = "1,2";
			};
			name = Debug;
		};
		AFBD1E222D9E4AEB008E7ABB /* Release */ = {
			isa = XCBuildConfiguration;
			buildSettings = {
				ASSETCATALOG_COMPILER_APPICON_NAME = AppIcon;
				ASSETCATALOG_COMPILER_GLOBAL_ACCENT_COLOR_NAME = AccentColor;
				CODE_SIGN_STYLE = Automatic;
				CURRENT_PROJECT_VERSION = 1;
				DEVELOPMENT_ASSET_PATHS = "";
				DEVELOPMENT_TEAM = F88U3ZA2J6;
				ENABLE_PREVIEWS = YES;
				GENERATE_INFOPLIST_FILE = YES;
				INFOPLIST_FILE = PLEP/Info.plist;
				INFOPLIST_KEY_UIApplicationSceneManifest_Generation = YES;
				INFOPLIST_KEY_UIApplicationSupportsIndirectInputEvents = YES;
				INFOPLIST_KEY_UILaunchStoryboardName = "Launch Screen";
				INFOPLIST_KEY_UISupportedInterfaceOrientations_iPad = "UIInterfaceOrientationPortrait UIInterfaceOrientationPortraitUpsideDown UIInterfaceOrientationLandscapeLeft UIInterfaceOrientationLandscapeRight";
				INFOPLIST_KEY_UISupportedInterfaceOrientations_iPhone = "UIInterfaceOrientationPortrait UIInterfaceOrientationLandscapeLeft UIInterfaceOrientationLandscapeRight";
				LD_RUNPATH_SEARCH_PATHS = (
					"$(inherited)",
					"@executable_path/Frameworks",
				);
				MARKETING_VERSION = 1.0;
				PRODUCT_BUNDLE_IDENTIFIER = "com.yo-eotteonno.PLEP";
				PRODUCT_NAME = "$(TARGET_NAME)";
				SWIFT_EMIT_LOC_STRINGS = YES;
				SWIFT_VERSION = 5.0;
				TARGETED_DEVICE_FAMILY = "1,2";
			};
			name = Release;
		};
/* End XCBuildConfiguration section */

/* Begin XCConfigurationList section */
		AFBD1E0D2D9E4AE8008E7ABB /* Build configuration list for PBXProject "PLEP" */ = {
			isa = XCConfigurationList;
			buildConfigurations = (
				AFBD1E1E2D9E4AEB008E7ABB /* Debug */,
				AFBD1E1F2D9E4AEB008E7ABB /* Release */,
			);
			defaultConfigurationIsVisible = 0;
			defaultConfigurationName = Release;
		};
		AFBD1E202D9E4AEB008E7ABB /* Build configuration list for PBXNativeTarget "PLEP" */ = {
			isa = XCConfigurationList;
			buildConfigurations = (
				AFBD1E212D9E4AEB008E7ABB /* Debug */,
				AFBD1E222D9E4AEB008E7ABB /* Release */,
			);
			defaultConfigurationIsVisible = 0;
			defaultConfigurationName = Release;
		};
/* End XCConfigurationList section */

/* Begin XCRemoteSwiftPackageReference section */
		AF8F403C2E1818AA00337A52 /* XCRemoteSwiftPackageReference "RxSwift" */ = {
			isa = XCRemoteSwiftPackageReference;
			repositoryURL = "https://github.com/ReactiveX/RxSwift.git";
			requirement = {
				kind = upToNextMajorVersion;
				minimumVersion = 6.9.0;
			};
		};
		AF8F403F2E1818BA00337A52 /* XCRemoteSwiftPackageReference "FlowKit" */ = {
			isa = XCRemoteSwiftPackageReference;
			repositoryURL = "https://github.com/Mercen-Lee/FlowKit.git";
			requirement = {
				branch = main;
				kind = branch;
			};
		};
		AF8F491B2E193C4900337A52 /* XCRemoteSwiftPackageReference "Alamofire" */ = {
			isa = XCRemoteSwiftPackageReference;
			repositoryURL = "https://github.com/Alamofire/Alamofire.git";
			requirement = {
				kind = upToNextMajorVersion;
				minimumVersion = 5.10.2;
			};
		};
		AFCE924B2E36023E000F6F8A /* XCRemoteSwiftPackageReference "kakao-ios-sdk" */ = {
			isa = XCRemoteSwiftPackageReference;
			repositoryURL = "https://github.com/kakao/kakao-ios-sdk";
			requirement = {
				kind = upToNextMajorVersion;
				minimumVersion = 2.24.5;
			};
		};
		AFCE94082E3759FE000F6F8A /* XCRemoteSwiftPackageReference "KakaoMapsSDK-SPM" */ = {
			isa = XCRemoteSwiftPackageReference;
			repositoryURL = "https://github.com/kakao-mapsSDK/KakaoMapsSDK-SPM.git";
			requirement = {
				kind = upToNextMajorVersion;
				minimumVersion = 2.12.9;
			};
		};
/* End XCRemoteSwiftPackageReference section */

/* Begin XCSwiftPackageProductDependency section */
		AF8F403D2E1818AA00337A52 /* RxCocoa */ = {
			isa = XCSwiftPackageProductDependency;
			package = AF8F403C2E1818AA00337A52 /* XCRemoteSwiftPackageReference "RxSwift" */;
			productName = RxCocoa;
		};
		AF8F40402E1818BA00337A52 /* FlowKit */ = {
			isa = XCSwiftPackageProductDependency;
			package = AF8F403F2E1818BA00337A52 /* XCRemoteSwiftPackageReference "FlowKit" */;
			productName = FlowKit;
		};
		AF8F491C2E193C4900337A52 /* Alamofire */ = {
			isa = XCSwiftPackageProductDependency;
			package = AF8F491B2E193C4900337A52 /* XCRemoteSwiftPackageReference "Alamofire" */;
			productName = Alamofire;
		};
		AFCE924E2E36023E000F6F8A /* KakaoSDKCommon */ = {
			isa = XCSwiftPackageProductDependency;
			package = AFCE924B2E36023E000F6F8A /* XCRemoteSwiftPackageReference "kakao-ios-sdk" */;
			productName = KakaoSDKCommon;
		};
		AFCE94092E3759FE000F6F8A /* KakaoMapsSDK-SPM */ = {
			isa = XCSwiftPackageProductDependency;
			package = AFCE94082E3759FE000F6F8A /* XCRemoteSwiftPackageReference "KakaoMapsSDK-SPM" */;
			productName = "KakaoMapsSDK-SPM";
		};
/* End XCSwiftPackageProductDependency section */
	};
	rootObject = AFBD1E0A2D9E4AE8008E7ABB /* Project object */;
}
