{
  "originHash" : "7d12b74b1e0b6a013d1d5f597ee4bf9cf9d20e8a3e523cb7d28fa8e31e942dc8",
  "pins" : [
    {
      "identity" : "flowkit",
      "kind" : "remoteSourceControl",
      "location" : "https://github.com/mercen-lee/FlowKit",
      "state" : {
        "branch" : "main",
        "revision" : "02db5ea87c1fd46b57bbf87e6594d433d0768aac"
      }
    },
    {
      "identity" : "rxswift",
      "kind" : "remoteSourceControl",
      "location" : "https://github.com/ReactiveX/RxSwift.git",
      "state" : {
        "revision" : "5dd1907d64f0d36f158f61a466bab75067224893",
        "version" : "6.9.0"
      }
    }
  ],
  "version" : 3
}
